// !$*UTF8*$!
{
	archiveVersion = 1;
	classes = {
	};
	objectVersion = 77;
	objects = {

/* Begin PBXBuildFile section */
		AA0000000000000000000D /* RecordingActivityWidgetExtension.appex in Embed Foundation Extensions */ = {isa = PBXBuildFile; fileRef = AA00000000000000000001 /* RecordingActivityWidgetExtension.appex */; settings = {ATTRIBUTES = (RemoveHeadersOnCopy, ); }; };
		D81345BD2F4116840055480B /* Functions in Frameworks */ = {isa = PBXBuildFile; productRef = F5957BCD1AF2452D80A2EF02 /* Functions */; };
		D81345BE2F4116840055480B /* Supabase in Frameworks */ = {isa = PBXBuildFile; productRef = B9C80B2D210B4F7F88088751 /* Supabase */; };
		D889BC422F4D0F0700132B25 /* Reveri Watch App.app in Embed Watch Content */ = {isa = PBXBuildFile; fileRef = D889BC382F4D0F0600132B25 /* Reveri Watch App.app */; settings = {ATTRIBUTES = (RemoveHeadersOnCopy, ); }; };
		D8CC61092F51DA3B00C550B8 /* SwiftOGG in Frameworks */ = {isa = PBXBuildFile; productRef = A1B2C3D4E5F6789000000002 /* SwiftOGG */; };
/* End PBXBuildFile section */

/* Begin PBXContainerItemProxy section */
		AA0000000000000000000C /* PBXContainerItemProxy */ = {
			isa = PBXContainerItemProxy;
			containerPortal = D83221832F3BC14C009A1692 /* Project object */;
			proxyType = 1;
			remoteGlobalIDString = AA00000000000000000005;
			remoteInfo = RecordingActivityWidgetExtension;
		};
		D889BC402F4D0F0700132B25 /* PBXContainerItemProxy */ = {
			isa = PBXContainerItemProxy;
			containerPortal = D83221832F3BC14C009A1692 /* Project object */;
			proxyType = 1;
			remoteGlobalIDString = D889BC372F4D0F0600132B25;
			remoteInfo = "Reveri Watch App";
		};
/* End PBXContainerItemProxy section */

/* Begin PBXCopyFilesBuildPhase section */
		AA0000000000000000000A /* Embed Foundation Extensions */ = {
			isa = PBXCopyFilesBuildPhase;
			buildActionMask = 2147483647;
			dstPath = "";
			dstSubfolderSpec = 13;
			files = (
				AA0000000000000000000D /* RecordingActivityWidgetExtension.appex in Embed Foundation Extensions */,
			);
			name = "Embed Foundation Extensions";
			runOnlyForDeploymentPostprocessing = 0;
		};
		D889BC432F4D0F0700132B25 /* Embed Watch Content */ = {
			isa = PBXCopyFilesBuildPhase;
			buildActionMask = 2147483647;
			dstPath = "$(CONTENTS_FOLDER_PATH)/Watch";
			dstSubfolderSpec = 16;
			files = (
				D889BC422F4D0F0700132B25 /* Reveri Watch App.app in Embed Watch Content */,
			);
			name = "Embed Watch Content";
			runOnlyForDeploymentPostprocessing = 0;
		};
/* End PBXCopyFilesBuildPhase section */

/* Begin PBXFileReference section */
		AA00000000000000000001 /* RecordingActivityWidgetExtension.appex */ = {isa = PBXFileReference; explicitFileType = "wrapper.app-extension"; includeInIndex = 0; path = RecordingActivityWidgetExtension.appex; sourceTree = BUILT_PRODUCTS_DIR; };
		AABB00112F5000000055480B /* Secrets.xcconfig */ = {isa = PBXFileReference; lastKnownFileType = text.xcconfig; path = Secrets.xcconfig; sourceTree = "<group>"; };
		D832218B2F3BC14C009A1692 /* ReveriAI.app */ = {isa = PBXFileReference; explicitFileType = wrapper.application; includeInIndex = 0; path = ReveriAI.app; sourceTree = BUILT_PRODUCTS_DIR; };
		D889BC382F4D0F0600132B25 /* Reveri Watch App.app */ = {isa = PBXFileReference; explicitFileType = wrapper.application; includeInIndex = 0; path = "Reveri Watch App.app"; sourceTree = BUILT_PRODUCTS_DIR; };
/* End PBXFileReference section */

/* Begin PBXFileSystemSynchronizedBuildFileExceptionSet section */
		AA00000000000000000020 /* Exceptions for "RecordingActivityWidget" folder in "RecordingActivityWidgetExtension" target */ = {
			isa = PBXFileSystemSynchronizedBuildFileExceptionSet;
			membershipExceptions = (
				Info.plist,
			);
			target = AA00000000000000000005 /* RecordingActivityWidgetExtension */;
		};
		AABB00222F5000000055480B /* Exceptions for "ReveriAI" folder in "ReveriAI" target */ = {
			isa = PBXFileSystemSynchronizedBuildFileExceptionSet;
			membershipExceptions = (
				Info.plist,
			);
			target = D832218A2F3BC14C009A1692 /* ReveriAI */;
		};
		D889BC5D2F4D11CA00132B25 /* Exceptions for "ReveriAI" folder in "Reveri Watch App" target */ = {
			isa = PBXFileSystemSynchronizedBuildFileExceptionSet;
			membershipExceptions = (
				"Extensions/Color+Hex.swift",
				Models/Dream.swift,
				Models/DreamEmotion.swift,
				Models/DreamFolder.swift,
				Theme/ThemeColors.swift,
			);
			target = D889BC372F4D0F0600132B25 /* Reveri Watch App */;
		};
/* End PBXFileSystemSynchronizedBuildFileExceptionSet section */

/* Begin PBXFileSystemSynchronizedRootGroup section */
		AA00000000000000000009 /* RecordingActivityWidget */ = {
			isa = PBXFileSystemSynchronizedRootGroup;
			exceptions = (
				AA00000000000000000020 /* Exceptions for "RecordingActivityWidget" folder in "RecordingActivityWidgetExtension" target */,
			);
			path = RecordingActivityWidget;
			sourceTree = "<group>";
		};
		D832218D2F3BC14C009A1692 /* ReveriAI */ = {
			isa = PBXFileSystemSynchronizedRootGroup;
			exceptions = (
				AABB00222F5000000055480B /* Exceptions for "ReveriAI" folder in "ReveriAI" target */,
				D889BC5D2F4D11CA00132B25 /* Exceptions for "ReveriAI" folder in "Reveri Watch App" target */,
			);
			path = ReveriAI;
			sourceTree = "<group>";
		};
		D889BC392F4D0F0600132B25 /* Reveri Watch App */ = {
			isa = PBXFileSystemSynchronizedRootGroup;
			path = "Reveri Watch App";
			sourceTree = "<group>";
		};
/* End PBXFileSystemSynchronizedRootGroup section */

/* Begin PBXFrameworksBuildPhase section */
		AA00000000000000000003 /* Frameworks */ = {
			isa = PBXFrameworksBuildPhase;
			buildActionMask = 2147483647;
			files = (
			);
			runOnlyForDeploymentPostprocessing = 0;
		};
		D83221882F3BC14C009A1692 /* Frameworks */ = {
			isa = PBXFrameworksBuildPhase;
			buildActionMask = 2147483647;
			files = (
				D8CC61092F51DA3B00C550B8 /* SwiftOGG in Frameworks */,
				D81345BE2F4116840055480B /* Supabase in Frameworks */,
				D81345BD2F4116840055480B /* Functions in Frameworks */,
			);
			runOnlyForDeploymentPostprocessing = 0;
		};
		D889BC352F4D0F0600132B25 /* Frameworks */ = {
			isa = PBXFrameworksBuildPhase;
			buildActionMask = 2147483647;
			files = (
			);
			runOnlyForDeploymentPostprocessing = 0;
		};
/* End PBXFrameworksBuildPhase section */

/* Begin PBXGroup section */
		D83221822F3BC14C009A1692 = {
			isa = PBXGroup;
			children = (
				AABB00112F5000000055480B /* Secrets.xcconfig */,
				D832218D2F3BC14C009A1692 /* ReveriAI */,
				AA00000000000000000009 /* RecordingActivityWidget */,
				D889BC392F4D0F0600132B25 /* Reveri Watch App */,
				D832218C2F3BC14C009A1692 /* Products */,
			);
			sourceTree = "<group>";
		};
		D832218C2F3BC14C009A1692 /* Products */ = {
			isa = PBXGroup;
			children = (
				D832218B2F3BC14C009A1692 /* ReveriAI.app */,
				AA00000000000000000001 /* RecordingActivityWidgetExtension.appex */,
				D889BC382F4D0F0600132B25 /* Reveri Watch App.app */,
			);
			name = Products;
			sourceTree = "<group>";
		};
/* End PBXGroup section */

/* Begin PBXNativeTarget section */
		AA00000000000000000005 /* RecordingActivityWidgetExtension */ = {
			isa = PBXNativeTarget;
			buildConfigurationList = AA00000000000000000006 /* Build configuration list for PBXNativeTarget "RecordingActivityWidgetExtension" */;
			buildPhases = (
				AA00000000000000000002 /* Sources */,
				AA00000000000000000003 /* Frameworks */,
				AA00000000000000000004 /* Resources */,
			);
			buildRules = (
			);
			dependencies = (
			);
			fileSystemSynchronizedGroups = (
				AA00000000000000000009 /* RecordingActivityWidget */,
			);
			name = RecordingActivityWidgetExtension;
			productName = RecordingActivityWidgetExtension;
			productReference = AA00000000000000000001 /* RecordingActivityWidgetExtension.appex */;
			productType = "com.apple.product-type.app-extension";
		};
		D832218A2F3BC14C009A1692 /* ReveriAI */ = {
			isa = PBXNativeTarget;
			buildConfigurationList = D83221962F3BC14E009A1692 /* Build configuration list for PBXNativeTarget "ReveriAI" */;
			buildPhases = (
				D83221872F3BC14C009A1692 /* Sources */,
				D83221882F3BC14C009A1692 /* Frameworks */,
				D83221892F3BC14C009A1692 /* Resources */,
				AA0000000000000000000A /* Embed Foundation Extensions */,
				D889BC432F4D0F0700132B25 /* Embed Watch Content */,
			);
			buildRules = (
			);
			dependencies = (
				AA0000000000000000000B /* PBXTargetDependency */,
				D889BC412F4D0F0700132B25 /* PBXTargetDependency */,
			);
			fileSystemSynchronizedGroups = (
				D832218D2F3BC14C009A1692 /* ReveriAI */,
			);
			name = ReveriAI;
			packageProductDependencies = (
				F5957BCD1AF2452D80A2EF02 /* Functions */,
				B9C80B2D210B4F7F88088751 /* Supabase */,
				A1B2C3D4E5F6789000000002 /* SwiftOGG */,
			);
			productName = ReveriAI;
			productReference = D832218B2F3BC14C009A1692 /* ReveriAI.app */;
			productType = "com.apple.product-type.application";
		};
		D889BC372F4D0F0600132B25 /* Reveri Watch App */ = {
			isa = PBXNativeTarget;
			buildConfigurationList = D889BC462F4D0F0700132B25 /* Build configuration list for PBXNativeTarget "Reveri Watch App" */;
			buildPhases = (
				D889BC342F4D0F0600132B25 /* Sources */,
				D889BC352F4D0F0600132B25 /* Frameworks */,
				D889BC362F4D0F0600132B25 /* Resources */,
			);
			buildRules = (
			);
			dependencies = (
			);
			fileSystemSynchronizedGroups = (
				D889BC392F4D0F0600132B25 /* Reveri Watch App */,
			);
			name = "Reveri Watch App";
			packageProductDependencies = (
			);
			productName = "Reveri Watch App";
			productReference = D889BC382F4D0F0600132B25 /* Reveri Watch App.app */;
			productType = "com.apple.product-type.application";
		};
/* End PBXNativeTarget section */

/* Begin PBXProject section */
		D83221832F3BC14C009A1692 /* Project object */ = {
			isa = PBXProject;
			attributes = {
				BuildIndependentTargetsInParallel = 1;
				LastSwiftUpdateCheck = 2610;
				LastUpgradeCheck = 2610;
				TargetAttributes = {
					AA00000000000000000005 = {
						CreatedOnToolsVersion = 26.1.1;
					};
					D832218A2F3BC14C009A1692 = {
						CreatedOnToolsVersion = 26.1.1;
					};
					D889BC372F4D0F0600132B25 = {
						CreatedOnToolsVersion = 26.1.1;
					};
				};
			};
			buildConfigurationList = D83221862F3BC14C009A1692 /* Build configuration list for PBXProject "ReveriAI" */;
			developmentRegion = en;
			hasScannedForEncodings = 0;
			knownRegions = (
				en,
				ru,
				Base,
			);
			mainGroup = D83221822F3BC14C009A1692;
			minimizedProjectReferenceProxies = 1;
			packageReferences = (
				B6087AB374184718A306C4CF /* XCRemoteSwiftPackageReference "supabase-swift" */,
				A1B2C3D4E5F6789000000001 /* XCRemoteSwiftPackageReference "swift-ogg" */,
			);
			preferredProjectObjectVersion = 77;
			productRefGroup = D832218C2F3BC14C009A1692 /* Products */;
			projectDirPath = "";
			projectRoot = "";
			targets = (
				D832218A2F3BC14C009A1692 /* ReveriAI */,
				AA00000000000000000005 /* RecordingActivityWidgetExtension */,
				D889BC372F4D0F0600132B25 /* Reveri Watch App */,
			);
		};
/* End PBXProject section */

/* Begin PBXResourcesBuildPhase section */
		AA00000000000000000004 /* Resources */ = {
			isa = PBXResourcesBuildPhase;
			buildActionMask = 2147483647;
			files = (
			);
			runOnlyForDeploymentPostprocessing = 0;
		};
		D83221892F3BC14C009A1692 /* Resources */ = {
			isa = PBXResourcesBuildPhase;
			buildActionMask = 2147483647;
			files = (
			);
			runOnlyForDeploymentPostprocessing = 0;
		};
		D889BC362F4D0F0600132B25 /* Resources */ = {
			isa = PBXResourcesBuildPhase;
			buildActionMask = 2147483647;
			files = (
			);
			runOnlyForDeploymentPostprocessing = 0;
		};
/* End PBXResourcesBuildPhase section */

/* Begin PBXSourcesBuildPhase section */
		AA00000000000000000002 /* Sources */ = {
			isa = PBXSourcesBuildPhase;
			buildActionMask = 2147483647;
			files = (
			);
			runOnlyForDeploymentPostprocessing = 0;
		};
		D83221872F3BC14C009A1692 /* Sources */ = {
			isa = PBXSourcesBuildPhase;
			buildActionMask = 2147483647;
			files = (
			);
			runOnlyForDeploymentPostprocessing = 0;
		};
		D889BC342F4D0F0600132B25 /* Sources */ = {
			isa = PBXSourcesBuildPhase;
			buildActionMask = 2147483647;
			files = (
			);
			runOnlyForDeploymentPostprocessing = 0;
		};
/* End PBXSourcesBuildPhase section */

/* Begin PBXTargetDependency section */
		AA0000000000000000000B /* PBXTargetDependency */ = {
			isa = PBXTargetDependency;
			target = AA00000000000000000005 /* RecordingActivityWidgetExtension */;
			targetProxy = AA0000000000000000000C /* PBXContainerItemProxy */;
		};
		D889BC412F4D0F0700132B25 /* PBXTargetDependency */ = {
			isa = PBXTargetDependency;
			target = D889BC372F4D0F0600132B25 /* Reveri Watch App */;
			targetProxy = D889BC402F4D0F0700132B25 /* PBXContainerItemProxy */;
		};
/* End PBXTargetDependency section */

/* Begin XCBuildConfiguration section */
		AA00000000000000000007 /* Debug */ = {
			isa = XCBuildConfiguration;
			buildSettings = {
				ASSETCATALOG_COMPILER_GLOBAL_ACCENT_COLOR_NAME = AccentColor;
				ASSETCATALOG_COMPILER_WIDGET_BACKGROUND_COLOR_NAME = WidgetBackground;
				CODE_SIGN_STYLE = Automatic;
				CURRENT_PROJECT_VERSION = 3;
				DEVELOPMENT_TEAM = 4LZ84Z78M7;
				GENERATE_INFOPLIST_FILE = YES;
				INFOPLIST_FILE = RecordingActivityWidget/Info.plist;
				INFOPLIST_KEY_CFBundleDisplayName = RecordingActivityWidget;
				INFOPLIST_KEY_NSHumanReadableCopyright = "";
				LD_RUNPATH_SEARCH_PATHS = (
					"$(inherited)",
					"@executable_path/Frameworks",
					"@executable_path/../../Frameworks",
				);
				MARKETING_VERSION = 1.0;
				PRODUCT_BUNDLE_IDENTIFIER = com.ReveriAI.ReveriAI.RecordingActivityWidget;
				PRODUCT_NAME = "$(TARGET_NAME)";
				SKIP_INSTALL = YES;
				SWIFT_EMIT_LOC_STRINGS = YES;
				SWIFT_VERSION = 5.0;
				TARGETED_DEVICE_FAMILY = "1,2";
			};
			name = Debug;
		};
		AA00000000000000000008 /* Release */ = {
			isa = XCBuildConfiguration;
			buildSettings = {
				ASSETCATALOG_COMPILER_GLOBAL_ACCENT_COLOR_NAME = AccentColor;
				ASSETCATALOG_COMPILER_WIDGET_BACKGROUND_COLOR_NAME = WidgetBackground;
				CODE_SIGN_STYLE = Automatic;
				CURRENT_PROJECT_VERSION = 3;
				DEVELOPMENT_TEAM = 4LZ84Z78M7;
				GENERATE_INFOPLIST_FILE = YES;
				INFOPLIST_FILE = RecordingActivityWidget/Info.plist;
				INFOPLIST_KEY_CFBundleDisplayName = RecordingActivityWidget;
				INFOPLIST_KEY_NSHumanReadableCopyright = "";
				LD_RUNPATH_SEARCH_PATHS = (
					"$(inherited)",
					"@executable_path/Frameworks",
					"@executable_path/../../Frameworks",
				);
				MARKETING_VERSION = 1.0;
				PRODUCT_BUNDLE_IDENTIFIER = com.ReveriAI.ReveriAI.RecordingActivityWidget;
				PRODUCT_NAME = "$(TARGET_NAME)";
				SKIP_INSTALL = YES;
				SWIFT_EMIT_LOC_STRINGS = YES;
				SWIFT_VERSION = 5.0;
				TARGETED_DEVICE_FAMILY = "1,2";
			};
			name = Release;
		};
		D83221942F3BC14E009A1692 /* Debug */ = {
			isa = XCBuildConfiguration;
			buildSettings = {
				ALWAYS_SEARCH_USER_PATHS = NO;
				ASSETCATALOG_COMPILER_GENERATE_SWIFT_ASSET_SYMBOL_EXTENSIONS = YES;
				CLANG_ANALYZER_NONNULL = YES;
				CLANG_ANALYZER_NUMBER_OBJECT_CONVERSION = YES_AGGRESSIVE;
				CLANG_CXX_LANGUAGE_STANDARD = "gnu++20";
				CLANG_ENABLE_MODULES = YES;
				CLANG_ENABLE_OBJC_ARC = YES;
				CLANG_ENABLE_OBJC_WEAK = YES;
				CLANG_WARN_BLOCK_CAPTURE_AUTORELEASING = YES;
				CLANG_WARN_BOOL_CONVERSION = YES;
				CLANG_WARN_COMMA = YES;
				CLANG_WARN_CONSTANT_CONVERSION = YES;
				CLANG_WARN_DEPRECATED_OBJC_IMPLEMENTATIONS = YES;
				CLANG_WARN_DIRECT_OBJC_ISA_USAGE = YES_ERROR;
				CLANG_WARN_DOCUMENTATION_COMMENTS = YES;
				CLANG_WARN_EMPTY_BODY = YES;
				CLANG_WARN_ENUM_CONVERSION = YES;
				CLANG_WARN_INFINITE_RECURSION = YES;
				CLANG_WARN_INT_CONVERSION = YES;
				CLANG_WARN_NON_LITERAL_NULL_CONVERSION = YES;
				CLANG_WARN_OBJC_IMPLICIT_RETAIN_SELF = YES;
				CLANG_WARN_OBJC_LITERAL_CONVERSION = YES;
				CLANG_WARN_OBJC_ROOT_CLASS = YES_ERROR;
				CLANG_WARN_QUOTED_INCLUDE_IN_FRAMEWORK_HEADER = YES;
				CLANG_WARN_RANGE_LOOP_ANALYSIS = YES;
				CLANG_WARN_STRICT_PROTOTYPES = YES;
				CLANG_WARN_SUSPICIOUS_MOVE = YES;
				CLANG_WARN_UNGUARDED_AVAILABILITY = YES_AGGRESSIVE;
				CLANG_WARN_UNREACHABLE_CODE = YES;
				CLANG_WARN__DUPLICATE_METHOD_MATCH = YES;
				COPY_PHASE_STRIP = NO;
				DEBUG_INFORMATION_FORMAT = dwarf;
				DEVELOPMENT_TEAM = 4LZ84Z78M7;
				ENABLE_STRICT_OBJC_MSGSEND = YES;
				ENABLE_TESTABILITY = YES;
				ENABLE_USER_SCRIPT_SANDBOXING = YES;
				GCC_C_LANGUAGE_STANDARD = gnu17;
				GCC_DYNAMIC_NO_PIC = NO;
				GCC_NO_COMMON_BLOCKS = YES;
				GCC_OPTIMIZATION_LEVEL = 0;
				GCC_PREPROCESSOR_DEFINITIONS = (
					"DEBUG=1",
					"$(inherited)",
				);
				GCC_WARN_64_TO_32_BIT_CONVERSION = YES;
				GCC_WARN_ABOUT_RETURN_TYPE = YES_ERROR;
				GCC_WARN_UNDECLARED_SELECTOR = YES;
				GCC_WARN_UNINITIALIZED_AUTOS = YES_AGGRESSIVE;
				GCC_WARN_UNUSED_FUNCTION = YES;
				GCC_WARN_UNUSED_VARIABLE = YES;
				IPHONEOS_DEPLOYMENT_TARGET = 26.1;
				LOCALIZATION_PREFERS_STRING_CATALOGS = YES;
				MTL_ENABLE_DEBUG_INFO = INCLUDE_SOURCE;
				MTL_FAST_MATH = YES;
				ONLY_ACTIVE_ARCH = YES;
				SDKROOT = iphoneos;
				SWIFT_ACTIVE_COMPILATION_CONDITIONS = "DEBUG $(inherited)";
				SWIFT_OPTIMIZATION_LEVEL = "-Onone";
			};
			name = Debug;
		};
		D83221952F3BC14E009A1692 /* Release */ = {
			isa = XCBuildConfiguration;
			buildSettings = {
				ALWAYS_SEARCH_USER_PATHS = NO;
				ASSETCATALOG_COMPILER_GENERATE_SWIFT_ASSET_SYMBOL_EXTENSIONS = YES;
				CLANG_ANALYZER_NONNULL = YES;
				CLANG_ANALYZER_NUMBER_OBJECT_CONVERSION = YES_AGGRESSIVE;
				CLANG_CXX_LANGUAGE_STANDARD = "gnu++20";
				CLANG_ENABLE_MODULES = YES;
				CLANG_ENABLE_OBJC_ARC = YES;
				CLANG_ENABLE_OBJC_WEAK = YES;
				CLANG_WARN_BLOCK_CAPTURE_AUTORELEASING = YES;
				CLANG_WARN_BOOL_CONVERSION = YES;
				CLANG_WARN_COMMA = YES;
				CLANG_WARN_CONSTANT_CONVERSION = YES;
				CLANG_WARN_DEPRECATED_OBJC_IMPLEMENTATIONS = YES;
				CLANG_WARN_DIRECT_OBJC_ISA_USAGE = YES_ERROR;
				CLANG_WARN_DOCUMENTATION_COMMENTS = YES;
				CLANG_WARN_EMPTY_BODY = YES;
				CLANG_WARN_ENUM_CONVERSION = YES;
				CLANG_WARN_INFINITE_RECURSION = YES;
				CLANG_WARN_INT_CONVERSION = YES;
				CLANG_WARN_NON_LITERAL_NULL_CONVERSION = YES;
				CLANG_WARN_OBJC_IMPLICIT_RETAIN_SELF = YES;
				CLANG_WARN_OBJC_LITERAL_CONVERSION = YES;
				CLANG_WARN_OBJC_ROOT_CLASS = YES_ERROR;
				CLANG_WARN_QUOTED_INCLUDE_IN_FRAMEWORK_HEADER = YES;
				CLANG_WARN_RANGE_LOOP_ANALYSIS = YES;
				CLANG_WARN_STRICT_PROTOTYPES = YES;
				CLANG_WARN_SUSPICIOUS_MOVE = YES;
				CLANG_WARN_UNGUARDED_AVAILABILITY = YES_AGGRESSIVE;
				CLANG_WARN_UNREACHABLE_CODE = YES;
				CLANG_WARN__DUPLICATE_METHOD_MATCH = YES;
				COPY_PHASE_STRIP = NO;
				DEBUG_INFORMATION_FORMAT = "dwarf-with-dsym";
				DEVELOPMENT_TEAM = 4LZ84Z78M7;
				ENABLE_NS_ASSERTIONS = NO;
				ENABLE_STRICT_OBJC_MSGSEND = YES;
				ENABLE_USER_SCRIPT_SANDBOXING = YES;
				GCC_C_LANGUAGE_STANDARD = gnu17;
				GCC_NO_COMMON_BLOCKS = YES;
				GCC_WARN_64_TO_32_BIT_CONVERSION = YES;
				GCC_WARN_ABOUT_RETURN_TYPE = YES_ERROR;
				GCC_WARN_UNDECLARED_SELECTOR = YES;
				GCC_WARN_UNINITIALIZED_AUTOS = YES_AGGRESSIVE;
				GCC_WARN_UNUSED_FUNCTION = YES;
				GCC_WARN_UNUSED_VARIABLE = YES;
				IPHONEOS_DEPLOYMENT_TARGET = 26.1;
				LOCALIZATION_PREFERS_STRING_CATALOGS = YES;
				MTL_ENABLE_DEBUG_INFO = NO;
				MTL_FAST_MATH = YES;
				SDKROOT = iphoneos;
				SWIFT_COMPILATION_MODE = wholemodule;
				VALIDATE_PRODUCT = YES;
			};
			name = Release;
		};
		D83221972F3BC14E009A1692 /* Debug */ = {
			isa = XCBuildConfiguration;
			baseConfigurationReference = AABB00112F5000000055480B /* Secrets.xcconfig */;
			buildSettings = {
				ASSETCATALOG_COMPILER_APPICON_NAME = AppIcon;
				ASSETCATALOG_COMPILER_GLOBAL_ACCENT_COLOR_NAME = AccentColor;
				CODE_SIGN_ENTITLEMENTS = ReveriAI/ReveriAI.entitlements;
				CODE_SIGN_STYLE = Automatic;
				CURRENT_PROJECT_VERSION = 3;
				DEVELOPMENT_TEAM = 4LZ84Z78M7;
				ENABLE_PREVIEWS = YES;
				GENERATE_INFOPLIST_FILE = YES;
				INFOPLIST_FILE = ReveriAI/Info.plist;
				INFOPLIST_KEY_NSMicrophoneUsageDescription = "ReveriAI needs microphone access to record your dream descriptions.";
				INFOPLIST_KEY_NSSpeechRecognitionUsageDescription = "ReveriAI uses speech recognition for live captions while recording your dreams.";
				INFOPLIST_KEY_NSSupportsLiveActivities = YES;
				INFOPLIST_KEY_UIApplicationSceneManifest_Generation = YES;
				INFOPLIST_KEY_UIApplicationSupportsIndirectInputEvents = YES;
				INFOPLIST_KEY_UISupportedInterfaceOrientations_iPad = "UIInterfaceOrientationPortrait UIInterfaceOrientationPortraitUpsideDown UIInterfaceOrientationLandscapeLeft UIInterfaceOrientationLandscapeRight";
				INFOPLIST_KEY_UISupportedInterfaceOrientations_iPhone = "UIInterfaceOrientationPortrait UIInterfaceOrientationLandscapeLeft UIInterfaceOrientationLandscapeRight";
				LD_RUNPATH_SEARCH_PATHS = (
					"$(inherited)",
					"@executable_path/Frameworks",
				);
				MARKETING_VERSION = 1.0;
				PRODUCT_BUNDLE_IDENTIFIER = com.ReveriAI.ReveriAI;
				PRODUCT_NAME = "$(TARGET_NAME)";
				STRING_CATALOG_GENERATE_SYMBOLS = YES;
				SWIFT_APPROACHABLE_CONCURRENCY = YES;
				SWIFT_DEFAULT_ACTOR_ISOLATION = MainActor;
				SWIFT_EMIT_LOC_STRINGS = YES;
				SWIFT_UPCOMING_FEATURE_MEMBER_IMPORT_VISIBILITY = YES;
				SWIFT_VERSION = 5.0;
				TARGETED_DEVICE_FAMILY = "1,2";
			};
			name = Debug;
		};
		D83221982F3BC14E009A1692 /* Release */ = {
			isa = XCBuildConfiguration;
			baseConfigurationReference = AABB00112F5000000055480B /* Secrets.xcconfig */;
			buildSettings = {
				ASSETCATALOG_COMPILER_APPICON_NAME = AppIcon;
				ASSETCATALOG_COMPILER_GLOBAL_ACCENT_COLOR_NAME = AccentColor;
				CODE_SIGN_ENTITLEMENTS = ReveriAI/ReveriAI.entitlements;
				CODE_SIGN_STYLE = Automatic;
				CURRENT_PROJECT_VERSION = 3;
				DEVELOPMENT_TEAM = 4LZ84Z78M7;
				ENABLE_PREVIEWS = YES;
				GENERATE_INFOPLIST_FILE = YES;
				INFOPLIST_FILE = ReveriAI/Info.plist;
				INFOPLIST_KEY_NSMicrophoneUsageDescription = "ReveriAI needs microphone access to record your dream descriptions.";
				INFOPLIST_KEY_NSSpeechRecognitionUsageDescription = "ReveriAI uses speech recognition for live captions while recording your dreams.";
				INFOPLIST_KEY_NSSupportsLiveActivities = YES;
				INFOPLIST_KEY_UIApplicationSceneManifest_Generation = YES;
				INFOPLIST_KEY_UIApplicationSupportsIndirectInputEvents = YES;
				INFOPLIST_KEY_UISupportedInterfaceOrientations_iPad = "UIInterfaceOrientationPortrait UIInterfaceOrientationPortraitUpsideDown UIInterfaceOrientationLandscapeLeft UIInterfaceOrientationLandscapeRight";
				INFOPLIST_KEY_UISupportedInterfaceOrientations_iPhone = "UIInterfaceOrientationPortrait UIInterfaceOrientationLandscapeLeft UIInterfaceOrientationLandscapeRight";
				LD_RUNPATH_SEARCH_PATHS = (
					"$(inherited)",
					"@executable_path/Frameworks",
				);
				MARKETING_VERSION = 1.0;
				PRODUCT_BUNDLE_IDENTIFIER = com.ReveriAI.ReveriAI;
				PRODUCT_NAME = "$(TARGET_NAME)";
				STRING_CATALOG_GENERATE_SYMBOLS = YES;
				SWIFT_APPROACHABLE_CONCURRENCY = YES;
				SWIFT_DEFAULT_ACTOR_ISOLATION = MainActor;
				SWIFT_EMIT_LOC_STRINGS = YES;
				SWIFT_UPCOMING_FEATURE_MEMBER_IMPORT_VISIBILITY = YES;
				SWIFT_VERSION = 5.0;
				TARGETED_DEVICE_FAMILY = "1,2";
			};
			name = Release;
		};
		D889BC442F4D0F0700132B25 /* Debug */ = {
			isa = XCBuildConfiguration;
			buildSettings = {
				ASSETCATALOG_COMPILER_APPICON_NAME = AppIcon;
				ASSETCATALOG_COMPILER_GLOBAL_ACCENT_COLOR_NAME = AccentColor;
				CODE_SIGN_ENTITLEMENTS = "Reveri Watch App/Reveri Watch App.entitlements";
				CODE_SIGN_STYLE = Automatic;
				CURRENT_PROJECT_VERSION = 3;
				DEVELOPMENT_TEAM = 4LZ84Z78M7;
				ENABLE_PREVIEWS = YES;
				GENERATE_INFOPLIST_FILE = YES;
				INFOPLIST_KEY_CFBundleDisplayName = Reveri;
				INFOPLIST_KEY_NSMicrophoneUsageDescription = "Reveri needs microphone access to record your dreams by voice.";
				INFOPLIST_KEY_UISupportedInterfaceOrientations = "UIInterfaceOrientationPortrait UIInterfaceOrientationPortraitUpsideDown";
				INFOPLIST_KEY_WKCompanionAppBundleIdentifier = com.ReveriAI.ReveriAI;
				LD_RUNPATH_SEARCH_PATHS = (
					"$(inherited)",
					"@executable_path/Frameworks",
				);
				MARKETING_VERSION = 1.0;
				PRODUCT_BUNDLE_IDENTIFIER = com.ReveriAI.ReveriAI.watchkitapp;
				PRODUCT_NAME = "$(TARGET_NAME)";
				SDKROOT = watchos;
				SKIP_INSTALL = YES;
				STRING_CATALOG_GENERATE_SYMBOLS = YES;
				SWIFT_APPROACHABLE_CONCURRENCY = YES;
				SWIFT_DEFAULT_ACTOR_ISOLATION = MainActor;
				SWIFT_EMIT_LOC_STRINGS = YES;
				SWIFT_UPCOMING_FEATURE_MEMBER_IMPORT_VISIBILITY = YES;
				SWIFT_VERSION = 5.0;
				TARGETED_DEVICE_FAMILY = 4;
				WATCHOS_DEPLOYMENT_TARGET = 26.1;
			};
			name = Debug;
		};
		D889BC452F4D0F0700132B25 /* Release */ = {
			isa = XCBuildConfiguration;
			buildSettings = {
				ASSETCATALOG_COMPILER_APPICON_NAME = AppIcon;
				ASSETCATALOG_COMPILER_GLOBAL_ACCENT_COLOR_NAME = AccentColor;
				CODE_SIGN_ENTITLEMENTS = "Reveri Watch App/Reveri Watch App.entitlements";
				CODE_SIGN_STYLE = Automatic;
				CURRENT_PROJECT_VERSION = 3;
				DEVELOPMENT_TEAM = 4LZ84Z78M7;
				ENABLE_PREVIEWS = YES;
				GENERATE_INFOPLIST_FILE = YES;
				INFOPLIST_KEY_CFBundleDisplayName = Reveri;
				INFOPLIST_KEY_NSMicrophoneUsageDescription = "Reveri needs microphone access to record your dreams by voice.";
				INFOPLIST_KEY_UISupportedInterfaceOrientations = "UIInterfaceOrientationPortrait UIInterfaceOrientationPortraitUpsideDown";
				INFOPLIST_KEY_WKCompanionAppBundleIdentifier = com.ReveriAI.ReveriAI;
				LD_RUNPATH_SEARCH_PATHS = (
					"$(inherited)",
					"@executable_path/Frameworks",
				);
				MARKETING_VERSION = 1.0;
				PRODUCT_BUNDLE_IDENTIFIER = com.ReveriAI.ReveriAI.watchkitapp;
				PRODUCT_NAME = "$(TARGET_NAME)";
				SDKROOT = watchos;
				SKIP_INSTALL = YES;
				STRING_CATALOG_GENERATE_SYMBOLS = YES;
				SWIFT_APPROACHABLE_CONCURRENCY = YES;
				SWIFT_DEFAULT_ACTOR_ISOLATION = MainActor;
				SWIFT_EMIT_LOC_STRINGS = YES;
				SWIFT_UPCOMING_FEATURE_MEMBER_IMPORT_VISIBILITY = YES;
				SWIFT_VERSION = 5.0;
				TARGETED_DEVICE_FAMILY = 4;
				WATCHOS_DEPLOYMENT_TARGET = 26.1;
			};
			name = Release;
		};
/* End XCBuildConfiguration section */

/* Begin XCConfigurationList section */
		AA00000000000000000006 /* Build configuration list for PBXNativeTarget "RecordingActivityWidgetExtension" */ = {
			isa = XCConfigurationList;
			buildConfigurations = (
				AA00000000000000000007 /* Debug */,
				AA00000000000000000008 /* Release */,
			);
			defaultConfigurationIsVisible = 0;
			defaultConfigurationName = Release;
		};
		D83221862F3BC14C009A1692 /* Build configuration list for PBXProject "ReveriAI" */ = {
			isa = XCConfigurationList;
			buildConfigurations = (
				D83221942F3BC14E009A1692 /* Debug */,
				D83221952F3BC14E009A1692 /* Release */,
			);
			defaultConfigurationIsVisible = 0;
			defaultConfigurationName = Release;
		};
		D83221962F3BC14E009A1692 /* Build configuration list for PBXNativeTarget "ReveriAI" */ = {
			isa = XCConfigurationList;
			buildConfigurations = (
				D83221972F3BC14E009A1692 /* Debug */,
				D83221982F3BC14E009A1692 /* Release */,
			);
			defaultConfigurationIsVisible = 0;
			defaultConfigurationName = Release;
		};
		D889BC462F4D0F0700132B25 /* Build configuration list for PBXNativeTarget "Reveri Watch App" */ = {
			isa = XCConfigurationList;
			buildConfigurations = (
				D889BC442F4D0F0700132B25 /* Debug */,
				D889BC452F4D0F0700132B25 /* Release */,
			);
			defaultConfigurationIsVisible = 0;
			defaultConfigurationName = Release;
		};
/* End XCConfigurationList section */

/* Begin XCRemoteSwiftPackageReference section */
		A1B2C3D4E5F6789000000001 /* XCRemoteSwiftPackageReference "swift-ogg" */ = {
			isa = XCRemoteSwiftPackageReference;
			repositoryURL = "https://github.com/element-hq/swift-ogg";
			requirement = {
				kind = upToNextMinorVersion;
				minimumVersion = 0.0.3;
			};
		};
		B6087AB374184718A306C4CF /* XCRemoteSwiftPackageReference "supabase-swift" */ = {
			isa = XCRemoteSwiftPackageReference;
			repositoryURL = "https://github.com/supabase/supabase-swift";
			requirement = {
				kind = upToNextMajorVersion;
				minimumVersion = 2.41.0;
			};
		};
/* End XCRemoteSwiftPackageReference section */

/* Begin XCSwiftPackageProductDependency section */
		A1B2C3D4E5F6789000000002 /* SwiftOGG */ = {
			isa = XCSwiftPackageProductDependency;
			package = A1B2C3D4E5F6789000000001 /* XCRemoteSwiftPackageReference "swift-ogg" */;
			productName = SwiftOGG;
		};
		B9C80B2D210B4F7F88088751 /* Supabase */ = {
			isa = XCSwiftPackageProductDependency;
			package = B6087AB374184718A306C4CF /* XCRemoteSwiftPackageReference "supabase-swift" */;
			productName = Supabase;
		};
		F5957BCD1AF2452D80A2EF02 /* Functions */ = {
			isa = XCSwiftPackageProductDependency;
			package = B6087AB374184718A306C4CF /* XCRemoteSwiftPackageReference "supabase-swift" */;
			productName = Functions;
		};
/* End XCSwiftPackageProductDependency section */
	};
	rootObject = D83221832F3BC14C009A1692 /* Project object */;
}
